
Microsoft Visual Studio Solution File, Format Version 12.00
Project("{2150E333-8FDC-42A3-9474-1A3956D46DE8}") = "src", "src", "{EDD159A1-141D-4BFA-AC5C-0F27A934CFD3}"
EndProject
Project("{FAE04EC0-301F-11D3-BF4B-00C04F79EFBC}") = "SocialNetwork.WebAPI", "src\Systems\SocialNetwork.WebAPI\SocialNetwork.WebAPI.csproj", "{05362358-48CB-43F6-8CB4-3226FD1CC459}"
EndProject
Project("{2150E333-8FDC-42A3-9474-1A3956D46DE8}") = "Systems", "Systems", "{C259B242-7358-4535-BAC2-35E7EE39F946}"
EndProject
Project("{2150E333-8FDC-42A3-9474-1A3956D46DE8}") = "Shared", "Shared", "{6BCBBE2B-1529-4A55-86EB-1FD7574FA5F9}"
EndProject
Project("{2150E333-8FDC-42A3-9474-1A3956D46DE8}") = "Services", "Services", "{16918E00-DCA4-4464-A45B-4B1791C6627F}"
EndProject
Project("{2150E333-8FDC-42A3-9474-1A3956D46DE8}") = "Data", "Data", "{94F3C11F-FA81-41EC-97DC-9C2EFAC0BA8A}"
EndProject
Project("{FAE04EC0-301F-11D3-BF4B-00C04F79EFBC}") = "SocialNetwork.IdentityServer", "src\Systems\SocialNetwork.IdentityServer\SocialNetwork.IdentityServer.csproj", "{0DCFDAE6-D560-42F7-9668-C0594E4A50AC}"
EndProject
Project("{FAE04EC0-301F-11D3-BF4B-00C04F79EFBC}") = "SocialNetwork.Common", "src\Shared\SocialNetwork.Common\SocialNetwork.Common.csproj", "{8A7AD6DE-8FDE-4DF9-8033-964A66D0D091}"
EndProject
Project("{FAE04EC0-301F-11D3-BF4B-00C04F79EFBC}") = "SocialNetwork.Entities", "src\Data\SocialNetwork.Entities\SocialNetwork.Entities.csproj", "{98FD829E-6712-4200-B3F0-B5BCDDDD8F67}"
EndProject
Project("{FAE04EC0-301F-11D3-BF4B-00C04F79EFBC}") = "SocialNetwork.Context", "src\Data\SocialNetwork.Context\SocialNetwork.Context.csproj", "{26310159-6D51-4C97-ACA9-51BA24538785}"
EndProject
Project("{FAE04EC0-301F-11D3-BF4B-00C04F79EFBC}") = "SocialNetwork.Settings", "src\Shared\SocialNetwork.Settings\SocialNetwork.Settings.csproj", "{5051C68E-4E9A-45A2-B472-6A95C711EBD0}"
EndProject
Project("{FAE04EC0-301F-11D3-BF4B-00C04F79EFBC}") = "SocialNetwork.Repository", "src\Data\SocialNetwork.Repository\SocialNetwork.Repository.csproj", "{CCDE131A-66C0-4DE7-A891-D3A5643EE346}"
EndProject
Project("{FAE04EC0-301F-11D3-BF4B-00C04F79EFBC}") = "SocialNetwork.AccountServices", "src\Services\SocialNetwork.AccountServices\SocialNetwork.AccountServices.csproj", "{67E48021-3ABD-402A-B99C-4BEC26956C6F}"
EndProject
Project("{FAE04EC0-301F-11D3-BF4B-00C04F79EFBC}") = "SocialNetwork.EmailServices", "src\Services\SocialNetwork.EmailServices\SocialNetwork.EmailServices.csproj", "{D595051C-AA47-477E-B384-140F5F80719E}"
EndProject
Project("{FAE04EC0-301F-11D3-BF4B-00C04F79EFBC}") = "SocialNetwork.Constants", "src\Shared\SocialNetwork.Constants\SocialNetwork.Constants.csproj", "{9A404870-A52C-4162-ACFC-C3D5D6147D61}"
EndProject
Project("{FAE04EC0-301F-11D3-BF4B-00C04F79EFBC}") = "SocialNetwork.RelationshipServices", "src\Services\SocialNetwork.RelationshipServices\SocialNetwork.RelationshipServices.csproj", "{4D472B46-6ADF-4572-8648-A11C3CA430EC}"
EndProject
Project("{FAE04EC0-301F-11D3-BF4B-00C04F79EFBC}") = "SocialNetwork.PostServices", "src\Services\SocialNetwork.PostServices\SocialNetwork.PostServices.csproj", "{1076AD7E-5483-4CD7-888E-0AEE45A2FCAF}"
EndProject
Project("{FAE04EC0-301F-11D3-BF4B-00C04F79EFBC}") = "SocialNetwork.AttachmentServices", "src\Services\SocialNetwork.AttachmentServices\SocialNetwork.AttachmentServices.csproj", "{7A2E8091-723B-42D1-AC77-D9F29692262E}"
EndProject
Global
	GlobalSection(SolutionConfigurationPlatforms) = preSolution
		Debug|Any CPU = Debug|Any CPU
		Release|Any CPU = Release|Any CPU
	EndGlobalSection
	GlobalSection(NestedProjects) = preSolution
		{C259B242-7358-4535-BAC2-35E7EE39F946} = {EDD159A1-141D-4BFA-AC5C-0F27A934CFD3}
		{05362358-48CB-43F6-8CB4-3226FD1CC459} = {C259B242-7358-4535-BAC2-35E7EE39F946}
		{6BCBBE2B-1529-4A55-86EB-1FD7574FA5F9} = {EDD159A1-141D-4BFA-AC5C-0F27A934CFD3}
		{16918E00-DCA4-4464-A45B-4B1791C6627F} = {EDD159A1-141D-4BFA-AC5C-0F27A934CFD3}
		{94F3C11F-FA81-41EC-97DC-9C2EFAC0BA8A} = {EDD159A1-141D-4BFA-AC5C-0F27A934CFD3}
		{0DCFDAE6-D560-42F7-9668-C0594E4A50AC} = {C259B242-7358-4535-BAC2-35E7EE39F946}
		{8A7AD6DE-8FDE-4DF9-8033-964A66D0D091} = {6BCBBE2B-1529-4A55-86EB-1FD7574FA5F9}
		{98FD829E-6712-4200-B3F0-B5BCDDDD8F67} = {94F3C11F-FA81-41EC-97DC-9C2EFAC0BA8A}
		{26310159-6D51-4C97-ACA9-51BA24538785} = {94F3C11F-FA81-41EC-97DC-9C2EFAC0BA8A}
		{5051C68E-4E9A-45A2-B472-6A95C711EBD0} = {6BCBBE2B-1529-4A55-86EB-1FD7574FA5F9}
		{CCDE131A-66C0-4DE7-A891-D3A5643EE346} = {94F3C11F-FA81-41EC-97DC-9C2EFAC0BA8A}
		{67E48021-3ABD-402A-B99C-4BEC26956C6F} = {16918E00-DCA4-4464-A45B-4B1791C6627F}
		{D595051C-AA47-477E-B384-140F5F80719E} = {16918E00-DCA4-4464-A45B-4B1791C6627F}
		{9A404870-A52C-4162-ACFC-C3D5D6147D61} = {6BCBBE2B-1529-4A55-86EB-1FD7574FA5F9}
		{4D472B46-6ADF-4572-8648-A11C3CA430EC} = {16918E00-DCA4-4464-A45B-4B1791C6627F}
		{1076AD7E-5483-4CD7-888E-0AEE45A2FCAF} = {16918E00-DCA4-4464-A45B-4B1791C6627F}
		{7A2E8091-723B-42D1-AC77-D9F29692262E} = {16918E00-DCA4-4464-A45B-4B1791C6627F}
	EndGlobalSection
	GlobalSection(ProjectConfigurationPlatforms) = postSolution
		{05362358-48CB-43F6-8CB4-3226FD1CC459}.Debug|Any CPU.ActiveCfg = Debug|Any CPU
		{05362358-48CB-43F6-8CB4-3226FD1CC459}.Debug|Any CPU.Build.0 = Debug|Any CPU
		{05362358-48CB-43F6-8CB4-3226FD1CC459}.Release|Any CPU.ActiveCfg = Release|Any CPU
		{05362358-48CB-43F6-8CB4-3226FD1CC459}.Release|Any CPU.Build.0 = Release|Any CPU
		{0DCFDAE6-D560-42F7-9668-C0594E4A50AC}.Debug|Any CPU.ActiveCfg = Debug|Any CPU
		{0DCFDAE6-D560-42F7-9668-C0594E4A50AC}.Debug|Any CPU.Build.0 = Debug|Any CPU
		{0DCFDAE6-D560-42F7-9668-C0594E4A50AC}.Release|Any CPU.ActiveCfg = Release|Any CPU
		{0DCFDAE6-D560-42F7-9668-C0594E4A50AC}.Release|Any CPU.Build.0 = Release|Any CPU
		{8A7AD6DE-8FDE-4DF9-8033-964A66D0D091}.Debug|Any CPU.ActiveCfg = Debug|Any CPU
		{8A7AD6DE-8FDE-4DF9-8033-964A66D0D091}.Debug|Any CPU.Build.0 = Debug|Any CPU
		{8A7AD6DE-8FDE-4DF9-8033-964A66D0D091}.Release|Any CPU.ActiveCfg = Release|Any CPU
		{8A7AD6DE-8FDE-4DF9-8033-964A66D0D091}.Release|Any CPU.Build.0 = Release|Any CPU
		{98FD829E-6712-4200-B3F0-B5BCDDDD8F67}.Debug|Any CPU.ActiveCfg = Debug|Any CPU
		{98FD829E-6712-4200-B3F0-B5BCDDDD8F67}.Debug|Any CPU.Build.0 = Debug|Any CPU
		{98FD829E-6712-4200-B3F0-B5BCDDDD8F67}.Release|Any CPU.ActiveCfg = Release|Any CPU
		{98FD829E-6712-4200-B3F0-B5BCDDDD8F67}.Release|Any CPU.Build.0 = Release|Any CPU
		{26310159-6D51-4C97-ACA9-51BA24538785}.Debug|Any CPU.ActiveCfg = Debug|Any CPU
		{26310159-6D51-4C97-ACA9-51BA24538785}.Debug|Any CPU.Build.0 = Debug|Any CPU
		{26310159-6D51-4C97-ACA9-51BA24538785}.Release|Any CPU.ActiveCfg = Release|Any CPU
		{26310159-6D51-4C97-ACA9-51BA24538785}.Release|Any CPU.Build.0 = Release|Any CPU
		{5051C68E-4E9A-45A2-B472-6A95C711EBD0}.Debug|Any CPU.ActiveCfg = Debug|Any CPU
		{5051C68E-4E9A-45A2-B472-6A95C711EBD0}.Debug|Any CPU.Build.0 = Debug|Any CPU
		{5051C68E-4E9A-45A2-B472-6A95C711EBD0}.Release|Any CPU.ActiveCfg = Release|Any CPU
		{5051C68E-4E9A-45A2-B472-6A95C711EBD0}.Release|Any CPU.Build.0 = Release|Any CPU
		{CCDE131A-66C0-4DE7-A891-D3A5643EE346}.Debug|Any CPU.ActiveCfg = Debug|Any CPU
		{CCDE131A-66C0-4DE7-A891-D3A5643EE346}.Debug|Any CPU.Build.0 = Debug|Any CPU
		{CCDE131A-66C0-4DE7-A891-D3A5643EE346}.Release|Any CPU.ActiveCfg = Release|Any CPU
		{CCDE131A-66C0-4DE7-A891-D3A5643EE346}.Release|Any CPU.Build.0 = Release|Any CPU
		{67E48021-3ABD-402A-B99C-4BEC26956C6F}.Debug|Any CPU.ActiveCfg = Debug|Any CPU
		{67E48021-3ABD-402A-B99C-4BEC26956C6F}.Debug|Any CPU.Build.0 = Debug|Any CPU
		{67E48021-3ABD-402A-B99C-4BEC26956C6F}.Release|Any CPU.ActiveCfg = Release|Any CPU
		{67E48021-3ABD-402A-B99C-4BEC26956C6F}.Release|Any CPU.Build.0 = Release|Any CPU
		{D595051C-AA47-477E-B384-140F5F80719E}.Debug|Any CPU.ActiveCfg = Debug|Any CPU
		{D595051C-AA47-477E-B384-140F5F80719E}.Debug|Any CPU.Build.0 = Debug|Any CPU
		{D595051C-AA47-477E-B384-140F5F80719E}.Release|Any CPU.ActiveCfg = Release|Any CPU
		{D595051C-AA47-477E-B384-140F5F80719E}.Release|Any CPU.Build.0 = Release|Any CPU
		{9A404870-A52C-4162-ACFC-C3D5D6147D61}.Debug|Any CPU.ActiveCfg = Debug|Any CPU
		{9A404870-A52C-4162-ACFC-C3D5D6147D61}.Debug|Any CPU.Build.0 = Debug|Any CPU
		{9A404870-A52C-4162-ACFC-C3D5D6147D61}.Release|Any CPU.ActiveCfg = Release|Any CPU
		{9A404870-A52C-4162-ACFC-C3D5D6147D61}.Release|Any CPU.Build.0 = Release|Any CPU
		{4D472B46-6ADF-4572-8648-A11C3CA430EC}.Debug|Any CPU.ActiveCfg = Debug|Any CPU
		{4D472B46-6ADF-4572-8648-A11C3CA430EC}.Debug|Any CPU.Build.0 = Debug|Any CPU
		{4D472B46-6ADF-4572-8648-A11C3CA430EC}.Release|Any CPU.ActiveCfg = Release|Any CPU
		{4D472B46-6ADF-4572-8648-A11C3CA430EC}.Release|Any CPU.Build.0 = Release|Any CPU
		{1076AD7E-5483-4CD7-888E-0AEE45A2FCAF}.Debug|Any CPU.ActiveCfg = Debug|Any CPU
		{1076AD7E-5483-4CD7-888E-0AEE45A2FCAF}.Debug|Any CPU.Build.0 = Debug|Any CPU
		{1076AD7E-5483-4CD7-888E-0AEE45A2FCAF}.Release|Any CPU.ActiveCfg = Release|Any CPU
		{1076AD7E-5483-4CD7-888E-0AEE45A2FCAF}.Release|Any CPU.Build.0 = Release|Any CPU
		{7A2E8091-723B-42D1-AC77-D9F29692262E}.Debug|Any CPU.ActiveCfg = Debug|Any CPU
		{7A2E8091-723B-42D1-AC77-D9F29692262E}.Debug|Any CPU.Build.0 = Debug|Any CPU
		{7A2E8091-723B-42D1-AC77-D9F29692262E}.Release|Any CPU.ActiveCfg = Release|Any CPU
		{7A2E8091-723B-42D1-AC77-D9F29692262E}.Release|Any CPU.Build.0 = Release|Any CPU
	EndGlobalSection
EndGlobal
